
Microsoft Visual Studio Solution File, Format Version 12.00
# Visual Studio Version 16
VisualStudioVersion = 16.0.30517.126
MinimumVisualStudioVersion = 10.0.40219.1
Project("{FAE04EC0-301F-11D3-BF4B-00C04F79EFBC}") = "Day 4 Passport Processing", "Day 4 Passport Processing\Day 4 Passport Processing.csproj", "{BCC6E567-B808-4151-AC72-8CCEB779765E}"
EndProject
Global
	GlobalSection(SolutionConfigurationPlatforms) = preSolution
		Debug|Any CPU = Debug|Any CPU
		Release|Any CPU = Release|Any CPU
	EndGlobalSection
	GlobalSection(ProjectConfigurationPlatforms) = postSolution
		{BCC6E567-B808-4151-AC72-8CCEB779765E}.Debug|Any CPU.ActiveCfg = Debug|Any CPU
		{BCC6E567-B808-4151-AC72-8CCEB779765E}.Debug|Any CPU.Build.0 = Debug|Any CPU
		{BCC6E567-B808-4151-AC72-8CCEB779765E}.Release|Any CPU.ActiveCfg = Release|Any CPU
		{BCC6E567-B808-4151-AC72-8CCEB779765E}.Release|Any CPU.Build.0 = Release|Any CPU
	EndGlobalSection
	GlobalSection(SolutionProperties) = preSolution
		HideSolutionNode = FALSE
	EndGlobalSection
	GlobalSection(ExtensibilityGlobals) = postSolution
		SolutionGuid = {955744F3-019F-4077-BB67-D52E9232A789}
	EndGlobalSection
EndGlobal
